
Microsoft Visual Studio Solution File, Format Version 12.00
# Visual Studio Version 17
VisualStudioVersion = 17.11.35219.272
MinimumVisualStudioVersion = 10.0.40219.1
Project("{FAE04EC0-301F-11D3-BF4B-00C04F79EFBC}") = "Lab_03", "Lab_01\Lab_03.csproj", "{B8F23817-563E-416C-96D8-CED6CD7421A3}"
EndProject
Project("{FAE04EC0-301F-11D3-BF4B-00C04F79EFBC}") = "Kursach_project", "Kursach_project\Kursach_project.csproj", "{F8FC13F2-2770-4C15-8FE6-A8D06DECD429}"
EndProject
Project("{FAE04EC0-301F-11D3-BF4B-00C04F79EFBC}") = "P_02", "P_02\P_02.csproj", "{99FD5EFF-0874-474D-82B9-01014389B26B}"
EndProject
Project("{FAE04EC0-301F-11D3-BF4B-00C04F79EFBC}") = "GrpcService1", "GrpcService1\GrpcService1.csproj", "{AA9908BD-1845-4158-87F6-1D8F5C1CDA28}"
EndProject
Global
	GlobalSection(SolutionConfigurationPlatforms) = preSolution
		Debug|Any CPU = Debug|Any CPU
		Debug|ARM = Debug|ARM
		Debug|ARM64 = Debug|ARM64
		Debug|x64 = Debug|x64
		Debug|x86 = Debug|x86
		Release|Any CPU = Release|Any CPU
		Release|ARM = Release|ARM
		Release|ARM64 = Release|ARM64
		Release|x64 = Release|x64
		Release|x86 = Release|x86
	EndGlobalSection
	GlobalSection(ProjectConfigurationPlatforms) = postSolution
		{B8F23817-563E-416C-96D8-CED6CD7421A3}.Debug|Any CPU.ActiveCfg = Debug|Any CPU
		{B8F23817-563E-416C-96D8-CED6CD7421A3}.Debug|Any CPU.Build.0 = Debug|Any CPU
		{B8F23817-563E-416C-96D8-CED6CD7421A3}.Debug|ARM.ActiveCfg = Debug|Any CPU
		{B8F23817-563E-416C-96D8-CED6CD7421A3}.Debug|ARM.Build.0 = Debug|Any CPU
		{B8F23817-563E-416C-96D8-CED6CD7421A3}.Debug|ARM64.ActiveCfg = Debug|Any CPU
		{B8F23817-563E-416C-96D8-CED6CD7421A3}.Debug|ARM64.Build.0 = Debug|Any CPU
		{B8F23817-563E-416C-96D8-CED6CD7421A3}.Debug|x64.ActiveCfg = Debug|Any CPU
		{B8F23817-563E-416C-96D8-CED6CD7421A3}.Debug|x64.Build.0 = Debug|Any CPU
		{B8F23817-563E-416C-96D8-CED6CD7421A3}.Debug|x86.ActiveCfg = Debug|Any CPU
		{B8F23817-563E-416C-96D8-CED6CD7421A3}.Debug|x86.Build.0 = Debug|Any CPU
		{B8F23817-563E-416C-96D8-CED6CD7421A3}.Release|Any CPU.ActiveCfg = Release|Any CPU
		{B8F23817-563E-416C-96D8-CED6CD7421A3}.Release|Any CPU.Build.0 = Release|Any CPU
		{B8F23817-563E-416C-96D8-CED6CD7421A3}.Release|ARM.ActiveCfg = Release|Any CPU
		{B8F23817-563E-416C-96D8-CED6CD7421A3}.Release|ARM.Build.0 = Release|Any CPU
		{B8F23817-563E-416C-96D8-CED6CD7421A3}.Release|ARM64.ActiveCfg = Release|Any CPU
		{B8F23817-563E-416C-96D8-CED6CD7421A3}.Release|ARM64.Build.0 = Release|Any CPU
		{B8F23817-563E-416C-96D8-CED6CD7421A3}.Release|x64.ActiveCfg = Release|Any CPU
		{B8F23817-563E-416C-96D8-CED6CD7421A3}.Release|x64.Build.0 = Release|Any CPU
		{B8F23817-563E-416C-96D8-CED6CD7421A3}.Release|x86.ActiveCfg = Release|Any CPU
		{B8F23817-563E-416C-96D8-CED6CD7421A3}.Release|x86.Build.0 = Release|Any CPU
		{F8FC13F2-2770-4C15-8FE6-A8D06DECD429}.Debug|Any CPU.ActiveCfg = Debug|Any CPU
		{F8FC13F2-2770-4C15-8FE6-A8D06DECD429}.Debug|Any CPU.Build.0 = Debug|Any CPU
		{F8FC13F2-2770-4C15-8FE6-A8D06DECD429}.Debug|ARM.ActiveCfg = Debug|Any CPU
		{F8FC13F2-2770-4C15-8FE6-A8D06DECD429}.Debug|ARM.Build.0 = Debug|Any CPU
		{F8FC13F2-2770-4C15-8FE6-A8D06DECD429}.Debug|ARM64.ActiveCfg = Debug|Any CPU
		{F8FC13F2-2770-4C15-8FE6-A8D06DECD429}.Debug|ARM64.Build.0 = Debug|Any CPU
		{F8FC13F2-2770-4C15-8FE6-A8D06DECD429}.Debug|x64.ActiveCfg = Debug|Any CPU
		{F8FC13F2-2770-4C15-8FE6-A8D06DECD429}.Debug|x64.Build.0 = Debug|Any CPU
		{F8FC13F2-2770-4C15-8FE6-A8D06DECD429}.Debug|x86.ActiveCfg = Debug|Any CPU
		{F8FC13F2-2770-4C15-8FE6-A8D06DECD429}.Debug|x86.Build.0 = Debug|Any CPU
		{F8FC13F2-2770-4C15-8FE6-A8D06DECD429}.Release|Any CPU.ActiveCfg = Release|Any CPU
		{F8FC13F2-2770-4C15-8FE6-A8D06DECD429}.Release|Any CPU.Build.0 = Release|Any CPU
		{F8FC13F2-2770-4C15-8FE6-A8D06DECD429}.Release|ARM.ActiveCfg = Release|Any CPU
		{F8FC13F2-2770-4C15-8FE6-A8D06DECD429}.Release|ARM.Build.0 = Release|Any CPU
		{F8FC13F2-2770-4C15-8FE6-A8D06DECD429}.Release|ARM64.ActiveCfg = Release|Any CPU
		{F8FC13F2-2770-4C15-8FE6-A8D06DECD429}.Release|ARM64.Build.0 = Release|Any CPU
		{F8FC13F2-2770-4C15-8FE6-A8D06DECD429}.Release|x64.ActiveCfg = Release|Any CPU
		{F8FC13F2-2770-4C15-8FE6-A8D06DECD429}.Release|x64.Build.0 = Release|Any CPU
		{F8FC13F2-2770-4C15-8FE6-A8D06DECD429}.Release|x86.ActiveCfg = Release|Any CPU
		{F8FC13F2-2770-4C15-8FE6-A8D06DECD429}.Release|x86.Build.0 = Release|Any CPU
		{99FD5EFF-0874-474D-82B9-01014389B26B}.Debug|Any CPU.ActiveCfg = Debug|Any CPU
		{99FD5EFF-0874-474D-82B9-01014389B26B}.Debug|Any CPU.Build.0 = Debug|Any CPU
		{99FD5EFF-0874-474D-82B9-01014389B26B}.Debug|ARM.ActiveCfg = Debug|Any CPU
		{99FD5EFF-0874-474D-82B9-01014389B26B}.Debug|ARM.Build.0 = Debug|Any CPU
		{99FD5EFF-0874-474D-82B9-01014389B26B}.Debug|ARM64.ActiveCfg = Debug|Any CPU
		{99FD5EFF-0874-474D-82B9-01014389B26B}.Debug|ARM64.Build.0 = Debug|Any CPU
		{99FD5EFF-0874-474D-82B9-01014389B26B}.Debug|x64.ActiveCfg = Debug|Any CPU
		{99FD5EFF-0874-474D-82B9-01014389B26B}.Debug|x64.Build.0 = Debug|Any CPU
		{99FD5EFF-0874-474D-82B9-01014389B26B}.Debug|x86.ActiveCfg = Debug|Any CPU
		{99FD5EFF-0874-474D-82B9-01014389B26B}.Debug|x86.Build.0 = Debug|Any CPU
		{99FD5EFF-0874-474D-82B9-01014389B26B}.Release|Any CPU.ActiveCfg = Release|Any CPU
		{99FD5EFF-0874-474D-82B9-01014389B26B}.Release|Any CPU.Build.0 = Release|Any CPU
		{99FD5EFF-0874-474D-82B9-01014389B26B}.Release|ARM.ActiveCfg = Release|Any CPU
		{99FD5EFF-0874-474D-82B9-01014389B26B}.Release|ARM.Build.0 = Release|Any CPU
		{99FD5EFF-0874-474D-82B9-01014389B26B}.Release|ARM64.ActiveCfg = Release|Any CPU
		{99FD5EFF-0874-474D-82B9-01014389B26B}.Release|ARM64.Build.0 = Release|Any CPU
		{99FD5EFF-0874-474D-82B9-01014389B26B}.Release|x64.ActiveCfg = Release|Any CPU
		{99FD5EFF-0874-474D-82B9-01014389B26B}.Release|x64.Build.0 = Release|Any CPU
		{99FD5EFF-0874-474D-82B9-01014389B26B}.Release|x86.ActiveCfg = Release|Any CPU
		{99FD5EFF-0874-474D-82B9-01014389B26B}.Release|x86.Build.0 = Release|Any CPU
		{AA9908BD-1845-4158-87F6-1D8F5C1CDA28}.Debug|Any CPU.ActiveCfg = Debug|Any CPU
		{AA9908BD-1845-4158-87F6-1D8F5C1CDA28}.Debug|Any CPU.Build.0 = Debug|Any CPU
		{AA9908BD-1845-4158-87F6-1D8F5C1CDA28}.Debug|ARM.ActiveCfg = Debug|Any CPU
		{AA9908BD-1845-4158-87F6-1D8F5C1CDA28}.Debug|ARM.Build.0 = Debug|Any CPU
		{AA9908BD-1845-4158-87F6-1D8F5C1CDA28}.Debug|ARM64.ActiveCfg = Debug|Any CPU
		{AA9908BD-1845-4158-87F6-1D8F5C1CDA28}.Debug|ARM64.Build.0 = Debug|Any CPU
		{AA9908BD-1845-4158-87F6-1D8F5C1CDA28}.Debug|x64.ActiveCfg = Debug|Any CPU
		{AA9908BD-1845-4158-87F6-1D8F5C1CDA28}.Debug|x64.Build.0 = Debug|Any CPU
		{AA9908BD-1845-4158-87F6-1D8F5C1CDA28}.Debug|x86.ActiveCfg = Debug|Any CPU
		{AA9908BD-1845-4158-87F6-1D8F5C1CDA28}.Debug|x86.Build.0 = Debug|Any CPU
		{AA9908BD-1845-4158-87F6-1D8F5C1CDA28}.Release|Any CPU.ActiveCfg = Release|Any CPU
		{AA9908BD-1845-4158-87F6-1D8F5C1CDA28}.Release|Any CPU.Build.0 = Release|Any CPU
		{AA9908BD-1845-4158-87F6-1D8F5C1CDA28}.Release|ARM.ActiveCfg = Release|Any CPU
		{AA9908BD-1845-4158-87F6-1D8F5C1CDA28}.Release|ARM.Build.0 = Release|Any CPU
		{AA9908BD-1845-4158-87F6-1D8F5C1CDA28}.Release|ARM64.ActiveCfg = Release|Any CPU
		{AA9908BD-1845-4158-87F6-1D8F5C1CDA28}.Release|ARM64.Build.0 = Release|Any CPU
		{AA9908BD-1845-4158-87F6-1D8F5C1CDA28}.Release|x64.ActiveCfg = Release|Any CPU
		{AA9908BD-1845-4158-87F6-1D8F5C1CDA28}.Release|x64.Build.0 = Release|Any CPU
		{AA9908BD-1845-4158-87F6-1D8F5C1CDA28}.Release|x86.ActiveCfg = Release|Any CPU
		{AA9908BD-1845-4158-87F6-1D8F5C1CDA28}.Release|x86.Build.0 = Release|Any CPU
	EndGlobalSection
	GlobalSection(SolutionProperties) = preSolution
		HideSolutionNode = FALSE
	EndGlobalSection
	GlobalSection(ExtensibilityGlobals) = postSolution
		SolutionGuid = {47B8F18B-BD16-4150-BD5A-4686650EF176}
	EndGlobalSection
EndGlobal
